
Microsoft Visual Studio Solution File, Format Version 12.00
# Visual Studio Version 16
VisualStudioVersion = 16.0.30011.22
MinimumVisualStudioVersion = 10.0.40219.1
Project("{FAE04EC0-301F-11D3-BF4B-00C04F79EFBC}") = "Morse", "Morse.csproj", "{7EF2EDF2-39ED-4C4C-B7FC-DF7876F3D0B8}"
EndProject
Global
	GlobalSection(SolutionConfigurationPlatforms) = preSolution
		Debug|Any CPU = Debug|Any CPU
		Release|Any CPU = Release|Any CPU
	EndGlobalSection
	GlobalSection(ProjectConfigurationPlatforms) = postSolution
		{7EF2EDF2-39ED-4C4C-B7FC-DF7876F3D0B8}.Debug|Any CPU.ActiveCfg = Debug|Any CPU
		{7EF2EDF2-39ED-4C4C-B7FC-DF7876F3D0B8}.Debug|Any CPU.Build.0 = Debug|Any CPU
		{7EF2EDF2-39ED-4C4C-B7FC-DF7876F3D0B8}.Release|Any CPU.ActiveCfg = Release|Any CPU
		{7EF2EDF2-39ED-4C4C-B7FC-DF7876F3D0B8}.Release|Any CPU.Build.0 = Release|Any CPU
	EndGlobalSection
	GlobalSection(SolutionProperties) = preSolution
		HideSolutionNode = FALSE
	EndGlobalSection
	GlobalSection(ExtensibilityGlobals) = postSolution
		SolutionGuid = {80D0D83E-0C3B-43CE-B8E2-03E5833EA620}
	EndGlobalSection
EndGlobal
